// !$*UTF8*$!
{
	archiveVersion = 1;
	classes = {
	};
	objectVersion = 77;
	objects = {

/* Begin PBXContainerItemProxy section */
		D4E8CC3D2E9F5BF400A24AC1 /* PBXContainerItemProxy */ = {
			isa = PBXContainerItemProxy;
			containerPortal = D4E8CC272E9F5BF300A24AC1 /* Project object */;
			proxyType = 1;
			remoteGlobalIDString = D4E8CC2E2E9F5BF300A24AC1;
			remoteInfo = PartnerLab2;
		};
		D4E8CC472E9F5BF400A24AC1 /* PBXContainerItemProxy */ = {
			isa = PBXContainerItemProxy;
			containerPortal = D4E8CC272E9F5BF300A24AC1 /* Project object */;
			proxyType = 1;
			remoteGlobalIDString = D4E8CC2E2E9F5BF300A24AC1;
			remoteInfo = PartnerLab2;
		};
/* End PBXContainerItemProxy section */

/* Begin PBXFileReference section */
		D4E8CC2F2E9F5BF300A24AC1 /* PartnerLab2.app */ = {isa = PBXFileReference; explicitFileType = wrapper.application; includeInIndex = 0; path = PartnerLab2.app; sourceTree = BUILT_PRODUCTS_DIR; };
		D4E8CC3C2E9F5BF400A24AC1 /* PartnerLab2Tests.xctest */ = {isa = PBXFileReference; explicitFileType = wrapper.cfbundle; includeInIndex = 0; path = PartnerLab2Tests.xctest; sourceTree = BUILT_PRODUCTS_DIR; };
		D4E8CC462E9F5BF400A24AC1 /* PartnerLab2UITests.xctest */ = {isa = PBXFileReference; explicitFileType = wrapper.cfbundle; includeInIndex = 0; path = PartnerLab2UITests.xctest; sourceTree = BUILT_PRODUCTS_DIR; };
/* End PBXFileReference section */

/* Begin PBXFileSystemSynchronizedRootGroup section */
		D4E8CC312E9F5BF300A24AC1 /* PartnerLab2 */ = {
			isa = PBXFileSystemSynchronizedRootGroup;
			path = PartnerLab2;
			sourceTree = "<group>";
		};
		D4E8CC3F2E9F5BF400A24AC1 /* PartnerLab2Tests */ = {
			isa = PBXFileSystemSynchronizedRootGroup;
			path = PartnerLab2Tests;
			sourceTree = "<group>";
		};
		D4E8CC492E9F5BF400A24AC1 /* PartnerLab2UITests */ = {
			isa = PBXFileSystemSynchronizedRootGroup;
			path = PartnerLab2UITests;
			sourceTree = "<group>";
		};
/* End PBXFileSystemSynchronizedRootGroup section */

/* Begin PBXFrameworksBuildPhase section */
		D4E8CC2C2E9F5BF300A24AC1 /* Frameworks */ = {
			isa = PBXFrameworksBuildPhase;
			buildActionMask = 2147483647;
			files = (
			);
			runOnlyForDeploymentPostprocessing = 0;
		};
		D4E8CC392E9F5BF400A24AC1 /* Frameworks */ = {
			isa = PBXFrameworksBuildPhase;
			buildActionMask = 2147483647;
			files = (
			);
			runOnlyForDeploymentPostprocessing = 0;
		};
		D4E8CC432E9F5BF400A24AC1 /* Frameworks */ = {
			isa = PBXFrameworksBuildPhase;
			buildActionMask = 2147483647;
			files = (
			);
			runOnlyForDeploymentPostprocessing = 0;
		};
/* End PBXFrameworksBuildPhase section */

/* Begin PBXGroup section */
		D4E8CC262E9F5BF300A24AC1 = {
			isa = PBXGroup;
			children = (
				D4E8CC312E9F5BF300A24AC1 /* PartnerLab2 */,
				D4E8CC3F2E9F5BF400A24AC1 /* PartnerLab2Tests */,
				D4E8CC492E9F5BF400A24AC1 /* PartnerLab2UITests */,
				D4E8CC302E9F5BF300A24AC1 /* Products */,
			);
			sourceTree = "<group>";
		};
		D4E8CC302E9F5BF300A24AC1 /* Products */ = {
			isa = PBXGroup;
			children = (
				D4E8CC2F2E9F5BF300A24AC1 /* PartnerLab2.app */,
				D4E8CC3C2E9F5BF400A24AC1 /* PartnerLab2Tests.xctest */,
				D4E8CC462E9F5BF400A24AC1 /* PartnerLab2UITests.xctest */,
			);
			name = Products;
			sourceTree = "<group>";
		};
/* End PBXGroup section */

/* Begin PBXNativeTarget section */
		D4E8CC2E2E9F5BF300A24AC1 /* PartnerLab2 */ = {
			isa = PBXNativeTarget;
			buildConfigurationList = D4E8CC502E9F5BF400A24AC1 /* Build configuration list for PBXNativeTarget "PartnerLab2" */;
			buildPhases = (
				D4E8CC2B2E9F5BF300A24AC1 /* Sources */,
				D4E8CC2C2E9F5BF300A24AC1 /* Frameworks */,
				D4E8CC2D2E9F5BF300A24AC1 /* Resources */,
			);
			buildRules = (
			);
			dependencies = (
			);
			fileSystemSynchronizedGroups = (
				D4E8CC312E9F5BF300A24AC1 /* PartnerLab2 */,
			);
			name = PartnerLab2;
			packageProductDependencies = (
			);
			productName = PartnerLab2;
			productReference = D4E8CC2F2E9F5BF300A24AC1 /* PartnerLab2.app */;
			productType = "com.apple.product-type.application";
		};
		D4E8CC3B2E9F5BF400A24AC1 /* PartnerLab2Tests */ = {
			isa = PBXNativeTarget;
			buildConfigurationList = D4E8CC532E9F5BF400A24AC1 /* Build configuration list for PBXNativeTarget "PartnerLab2Tests" */;
			buildPhases = (
				D4E8CC382E9F5BF400A24AC1 /* Sources */,
				D4E8CC392E9F5BF400A24AC1 /* Frameworks */,
				D4E8CC3A2E9F5BF400A24AC1 /* Resources */,
			);
			buildRules = (
			);
			dependencies = (
				D4E8CC3E2E9F5BF400A24AC1 /* PBXTargetDependency */,
			);
			fileSystemSynchronizedGroups = (
				D4E8CC3F2E9F5BF400A24AC1 /* PartnerLab2Tests */,
			);
			name = PartnerLab2Tests;
			packageProductDependencies = (
			);
			productName = PartnerLab2Tests;
			productReference = D4E8CC3C2E9F5BF400A24AC1 /* PartnerLab2Tests.xctest */;
			productType = "com.apple.product-type.bundle.unit-test";
		};
		D4E8CC452E9F5BF400A24AC1 /* PartnerLab2UITests */ = {
			isa = PBXNativeTarget;
			buildConfigurationList = D4E8CC562E9F5BF400A24AC1 /* Build configuration list for PBXNativeTarget "PartnerLab2UITests" */;
			buildPhases = (
				D4E8CC422E9F5BF400A24AC1 /* Sources */,
				D4E8CC432E9F5BF400A24AC1 /* Frameworks */,
				D4E8CC442E9F5BF400A24AC1 /* Resources */,
			);
			buildRules = (
			);
			dependencies = (
				D4E8CC482E9F5BF400A24AC1 /* PBXTargetDependency */,
			);
			fileSystemSynchronizedGroups = (
				D4E8CC492E9F5BF400A24AC1 /* PartnerLab2UITests */,
			);
			name = PartnerLab2UITests;
			packageProductDependencies = (
			);
			productName = PartnerLab2UITests;
			productReference = D4E8CC462E9F5BF400A24AC1 /* PartnerLab2UITests.xctest */;
			productType = "com.apple.product-type.bundle.ui-testing";
		};
/* End PBXNativeTarget section */

/* Begin PBXProject section */
		D4E8CC272E9F5BF300A24AC1 /* Project object */ = {
			isa = PBXProject;
			attributes = {
				BuildIndependentTargetsInParallel = 1;
				LastSwiftUpdateCheck = 1640;
				LastUpgradeCheck = 1640;
				TargetAttributes = {
					D4E8CC2E2E9F5BF300A24AC1 = {
						CreatedOnToolsVersion = 16.4;
					};
					D4E8CC3B2E9F5BF400A24AC1 = {
						CreatedOnToolsVersion = 16.4;
						TestTargetID = D4E8CC2E2E9F5BF300A24AC1;
					};
					D4E8CC452E9F5BF400A24AC1 = {
						CreatedOnToolsVersion = 16.4;
						TestTargetID = D4E8CC2E2E9F5BF300A24AC1;
					};
				};
			};
			buildConfigurationList = D4E8CC2A2E9F5BF300A24AC1 /* Build configuration list for PBXProject "PartnerLab2" */;
			developmentRegion = en;
			hasScannedForEncodings = 0;
			knownRegions = (
				en,
				Base,
			);
			mainGroup = D4E8CC262E9F5BF300A24AC1;
			minimizedProjectReferenceProxies = 1;
			preferredProjectObjectVersion = 77;
			productRefGroup = D4E8CC302E9F5BF300A24AC1 /* Products */;
			projectDirPath = "";
			projectRoot = "";
			targets = (
				D4E8CC2E2E9F5BF300A24AC1 /* PartnerLab2 */,
				D4E8CC3B2E9F5BF400A24AC1 /* PartnerLab2Tests */,
				D4E8CC452E9F5BF400A24AC1 /* PartnerLab2UITests */,
			);
		};
/* End PBXProject section */

/* Begin PBXResourcesBuildPhase section */
		D4E8CC2D2E9F5BF300A24AC1 /* Resources */ = {
			isa = PBXResourcesBuildPhase;
			buildActionMask = 2147483647;
			files = (
			);
			runOnlyForDeploymentPostprocessing = 0;
		};
		D4E8CC3A2E9F5BF400A24AC1 /* Resources */ = {
			isa = PBXResourcesBuildPhase;
			buildActionMask = 2147483647;
			files = (
			);
			runOnlyForDeploymentPostprocessing = 0;
		};
		D4E8CC442E9F5BF400A24AC1 /* Resources */ = {
			isa = PBXResourcesBuildPhase;
			buildActionMask = 2147483647;
			files = (
			);
			runOnlyForDeploymentPostprocessing = 0;
		};
/* End PBXResourcesBuildPhase section */

/* Begin PBXSourcesBuildPhase section */
		D4E8CC2B2E9F5BF300A24AC1 /* Sources */ = {
			isa = PBXSourcesBuildPhase;
			buildActionMask = 2147483647;
			files = (
			);
			runOnlyForDeploymentPostprocessing = 0;
		};
		D4E8CC382E9F5BF400A24AC1 /* Sources */ = {
			isa = PBXSourcesBuildPhase;
			buildActionMask = 2147483647;
			files = (
			);
			runOnlyForDeploymentPostprocessing = 0;
		};
		D4E8CC422E9F5BF400A24AC1 /* Sources */ = {
			isa = PBXSourcesBuildPhase;
			buildActionMask = 2147483647;
			files = (
			);
			runOnlyForDeploymentPostprocessing = 0;
		};
/* End PBXSourcesBuildPhase section */

/* Begin PBXTargetDependency section */
		D4E8CC3E2E9F5BF400A24AC1 /* PBXTargetDependency */ = {
			isa = PBXTargetDependency;
			target = D4E8CC2E2E9F5BF300A24AC1 /* PartnerLab2 */;
			targetProxy = D4E8CC3D2E9F5BF400A24AC1 /* PBXContainerItemProxy */;
		};
		D4E8CC482E9F5BF400A24AC1 /* PBXTargetDependency */ = {
			isa = PBXTargetDependency;
			target = D4E8CC2E2E9F5BF300A24AC1 /* PartnerLab2 */;
			targetProxy = D4E8CC472E9F5BF400A24AC1 /* PBXContainerItemProxy */;
		};
/* End PBXTargetDependency section */

/* Begin XCBuildConfiguration section */
		D4E8CC4E2E9F5BF400A24AC1 /* Debug */ = {
			isa = XCBuildConfiguration;
			buildSettings = {
				ALWAYS_SEARCH_USER_PATHS = NO;
				ASSETCATALOG_COMPILER_GENERATE_SWIFT_ASSET_SYMBOL_EXTENSIONS = YES;
				CLANG_ANALYZER_NONNULL = YES;
				CLANG_ANALYZER_NUMBER_OBJECT_CONVERSION = YES_AGGRESSIVE;
				CLANG_CXX_LANGUAGE_STANDARD = "gnu++20";
				CLANG_ENABLE_MODULES = YES;
				CLANG_ENABLE_OBJC_ARC = YES;
				CLANG_ENABLE_OBJC_WEAK = YES;
				CLANG_WARN_BLOCK_CAPTURE_AUTORELEASING = YES;
				CLANG_WARN_BOOL_CONVERSION = YES;
				CLANG_WARN_COMMA = YES;
				CLANG_WARN_CONSTANT_CONVERSION = YES;
				CLANG_WARN_DEPRECATED_OBJC_IMPLEMENTATIONS = YES;
				CLANG_WARN_DIRECT_OBJC_ISA_USAGE = YES_ERROR;
				CLANG_WARN_DOCUMENTATION_COMMENTS = YES;
				CLANG_WARN_EMPTY_BODY = YES;
				CLANG_WARN_ENUM_CONVERSION = YES;
				CLANG_WARN_INFINITE_RECURSION = YES;
				CLANG_WARN_INT_CONVERSION = YES;
				CLANG_WARN_NON_LITERAL_NULL_CONVERSION = YES;
				CLANG_WARN_OBJC_IMPLICIT_RETAIN_SELF = YES;
				CLANG_WARN_OBJC_LITERAL_CONVERSION = YES;
				CLANG_WARN_OBJC_ROOT_CLASS = YES_ERROR;
				CLANG_WARN_QUOTED_INCLUDE_IN_FRAMEWORK_HEADER = YES;
				CLANG_WARN_RANGE_LOOP_ANALYSIS = YES;
				CLANG_WARN_STRICT_PROTOTYPES = YES;
				CLANG_WARN_SUSPICIOUS_MOVE = YES;
				CLANG_WARN_UNGUARDED_AVAILABILITY = YES_AGGRESSIVE;
				CLANG_WARN_UNREACHABLE_CODE = YES;
				CLANG_WARN__DUPLICATE_METHOD_MATCH = YES;
				COPY_PHASE_STRIP = NO;
				DEBUG_INFORMATION_FORMAT = dwarf;
				ENABLE_STRICT_OBJC_MSGSEND = YES;
				ENABLE_TESTABILITY = YES;
				ENABLE_USER_SCRIPT_SANDBOXING = YES;
				GCC_C_LANGUAGE_STANDARD = gnu17;
				GCC_DYNAMIC_NO_PIC = NO;
				GCC_NO_COMMON_BLOCKS = YES;
				GCC_OPTIMIZATION_LEVEL = 0;
				GCC_PREPROCESSOR_DEFINITIONS = (
					"DEBUG=1",
					"$(inherited)",
				);
				GCC_WARN_64_TO_32_BIT_CONVERSION = YES;
				GCC_WARN_ABOUT_RETURN_TYPE = YES_ERROR;
				GCC_WARN_UNDECLARED_SELECTOR = YES;
				GCC_WARN_UNINITIALIZED_AUTOS = YES_AGGRESSIVE;
				GCC_WARN_UNUSED_FUNCTION = YES;
				GCC_WARN_UNUSED_VARIABLE = YES;
				IPHONEOS_DEPLOYMENT_TARGET = 18.5;
				LOCALIZATION_PREFERS_STRING_CATALOGS = YES;
				MTL_ENABLE_DEBUG_INFO = INCLUDE_SOURCE;
				MTL_FAST_MATH = YES;
				ONLY_ACTIVE_ARCH = YES;
				SDKROOT = iphoneos;
				SWIFT_ACTIVE_COMPILATION_CONDITIONS = "DEBUG $(inherited)";
				SWIFT_OPTIMIZATION_LEVEL = "-Onone";
			};
			name = Debug;
		};
		D4E8CC4F2E9F5BF400A24AC1 /* Release */ = {
			isa = XCBuildConfiguration;
			buildSettings = {
				ALWAYS_SEARCH_USER_PATHS = NO;
				ASSETCATALOG_COMPILER_GENERATE_SWIFT_ASSET_SYMBOL_EXTENSIONS = YES;
				CLANG_ANALYZER_NONNULL = YES;
				CLANG_ANALYZER_NUMBER_OBJECT_CONVERSION = YES_AGGRESSIVE;
				CLANG_CXX_LANGUAGE_STANDARD = "gnu++20";
				CLANG_ENABLE_MODULES = YES;
				CLANG_ENABLE_OBJC_ARC = YES;
				CLANG_ENABLE_OBJC_WEAK = YES;
				CLANG_WARN_BLOCK_CAPTURE_AUTORELEASING = YES;
				CLANG_WARN_BOOL_CONVERSION = YES;
				CLANG_WARN_COMMA = YES;
				CLANG_WARN_CONSTANT_CONVERSION = YES;
				CLANG_WARN_DEPRECATED_OBJC_IMPLEMENTATIONS = YES;
				CLANG_WARN_DIRECT_OBJC_ISA_USAGE = YES_ERROR;
				CLANG_WARN_DOCUMENTATION_COMMENTS = YES;
				CLANG_WARN_EMPTY_BODY = YES;
				CLANG_WARN_ENUM_CONVERSION = YES;
				CLANG_WARN_INFINITE_RECURSION = YES;
				CLANG_WARN_INT_CONVERSION = YES;
				CLANG_WARN_NON_LITERAL_NULL_CONVERSION = YES;
				CLANG_WARN_OBJC_IMPLICIT_RETAIN_SELF = YES;
				CLANG_WARN_OBJC_LITERAL_CONVERSION = YES;
				CLANG_WARN_OBJC_ROOT_CLASS = YES_ERROR;
				CLANG_WARN_QUOTED_INCLUDE_IN_FRAMEWORK_HEADER = YES;
				CLANG_WARN_RANGE_LOOP_ANALYSIS = YES;
				CLANG_WARN_STRICT_PROTOTYPES = YES;
				CLANG_WARN_SUSPICIOUS_MOVE = YES;
				CLANG_WARN_UNGUARDED_AVAILABILITY = YES_AGGRESSIVE;
				CLANG_WARN_UNREACHABLE_CODE = YES;
				CLANG_WARN__DUPLICATE_METHOD_MATCH = YES;
				COPY_PHASE_STRIP = NO;
				DEBUG_INFORMATION_FORMAT = "dwarf-with-dsym";
				ENABLE_NS_ASSERTIONS = NO;
				ENABLE_STRICT_OBJC_MSGSEND = YES;
				ENABLE_USER_SCRIPT_SANDBOXING = YES;
				GCC_C_LANGUAGE_STANDARD = gnu17;
				GCC_NO_COMMON_BLOCKS = YES;
				GCC_WARN_64_TO_32_BIT_CONVERSION = YES;
				GCC_WARN_ABOUT_RETURN_TYPE = YES_ERROR;
				GCC_WARN_UNDECLARED_SELECTOR = YES;
				GCC_WARN_UNINITIALIZED_AUTOS = YES_AGGRESSIVE;
				GCC_WARN_UNUSED_FUNCTION = YES;
				GCC_WARN_UNUSED_VARIABLE = YES;
				IPHONEOS_DEPLOYMENT_TARGET = 18.5;
				LOCALIZATION_PREFERS_STRING_CATALOGS = YES;
				MTL_ENABLE_DEBUG_INFO = NO;
				MTL_FAST_MATH = YES;
				SDKROOT = iphoneos;
				SWIFT_COMPILATION_MODE = wholemodule;
				VALIDATE_PRODUCT = YES;
			};
			name = Release;
		};
		D4E8CC512E9F5BF400A24AC1 /* Debug */ = {
			isa = XCBuildConfiguration;
			buildSettings = {
				ASSETCATALOG_COMPILER_APPICON_NAME = AppIcon;
				ASSETCATALOG_COMPILER_GLOBAL_ACCENT_COLOR_NAME = AccentColor;
				CODE_SIGN_STYLE = Automatic;
				CURRENT_PROJECT_VERSION = 1;
				ENABLE_PREVIEWS = YES;
				GENERATE_INFOPLIST_FILE = YES;
				INFOPLIST_KEY_UIApplicationSceneManifest_Generation = YES;
				INFOPLIST_KEY_UIApplicationSupportsIndirectInputEvents = YES;
				INFOPLIST_KEY_UILaunchScreen_Generation = YES;
				INFOPLIST_KEY_UISupportedInterfaceOrientations_iPad = "UIInterfaceOrientationPortrait UIInterfaceOrientationPortraitUpsideDown UIInterfaceOrientationLandscapeLeft UIInterfaceOrientationLandscapeRight";
				INFOPLIST_KEY_UISupportedInterfaceOrientations_iPhone = "UIInterfaceOrientationPortrait UIInterfaceOrientationLandscapeLeft UIInterfaceOrientationLandscapeRight";
				LD_RUNPATH_SEARCH_PATHS = (
					"$(inherited)",
					"@executable_path/Frameworks",
				);
				MARKETING_VERSION = 1.0;
				PRODUCT_BUNDLE_IDENTIFIER = com.MacKenzie.PartnerLab2;
				PRODUCT_NAME = "$(TARGET_NAME)";
				SWIFT_EMIT_LOC_STRINGS = YES;
				SWIFT_VERSION = 5.0;
				TARGETED_DEVICE_FAMILY = "1,2";
			};
			name = Debug;
		};
		D4E8CC522E9F5BF400A24AC1 /* Release */ = {
			isa = XCBuildConfiguration;
			buildSettings = {
				ASSETCATALOG_COMPILER_APPICON_NAME = AppIcon;
				ASSETCATALOG_COMPILER_GLOBAL_ACCENT_COLOR_NAME = AccentColor;
				CODE_SIGN_STYLE = Automatic;
				CURRENT_PROJECT_VERSION = 1;
				ENABLE_PREVIEWS = YES;
				GENERATE_INFOPLIST_FILE = YES;
				INFOPLIST_KEY_UIApplicationSceneManifest_Generation = YES;
				INFOPLIST_KEY_UIApplicationSupportsIndirectInputEvents = YES;
				INFOPLIST_KEY_UILaunchScreen_Generation = YES;
				INFOPLIST_KEY_UISupportedInterfaceOrientations_iPad = "UIInterfaceOrientationPortrait UIInterfaceOrientationPortraitUpsideDown UIInterfaceOrientationLandscapeLeft UIInterfaceOrientationLandscapeRight";
				INFOPLIST_KEY_UISupportedInterfaceOrientations_iPhone = "UIInterfaceOrientationPortrait UIInterfaceOrientationLandscapeLeft UIInterfaceOrientationLandscapeRight";
				LD_RUNPATH_SEARCH_PATHS = (
					"$(inherited)",
					"@executable_path/Frameworks",
				);
				MARKETING_VERSION = 1.0;
				PRODUCT_BUNDLE_IDENTIFIER = com.MacKenzie.PartnerLab2;
				PRODUCT_NAME = "$(TARGET_NAME)";
				SWIFT_EMIT_LOC_STRINGS = YES;
				SWIFT_VERSION = 5.0;
				TARGETED_DEVICE_FAMILY = "1,2";
			};
			name = Release;
		};
		D4E8CC542E9F5BF400A24AC1 /* Debug */ = {
			isa = XCBuildConfiguration;
			buildSettings = {
				BUNDLE_LOADER = "$(TEST_HOST)";
				CODE_SIGN_STYLE = Automatic;
				CURRENT_PROJECT_VERSION = 1;
				GENERATE_INFOPLIST_FILE = YES;
				IPHONEOS_DEPLOYMENT_TARGET = 18.5;
				MARKETING_VERSION = 1.0;
				PRODUCT_BUNDLE_IDENTIFIER = com.MacKenzie.PartnerLab2Tests;
				PRODUCT_NAME = "$(TARGET_NAME)";
				SWIFT_EMIT_LOC_STRINGS = NO;
				SWIFT_VERSION = 5.0;
				TARGETED_DEVICE_FAMILY = "1,2";
				TEST_HOST = "$(BUILT_PRODUCTS_DIR)/PartnerLab2.app/$(BUNDLE_EXECUTABLE_FOLDER_PATH)/PartnerLab2";
			};
			name = Debug;
		};
		D4E8CC552E9F5BF400A24AC1 /* Release */ = {
			isa = XCBuildConfiguration;
			buildSettings = {
				BUNDLE_LOADER = "$(TEST_HOST)";
				CODE_SIGN_STYLE = Automatic;
				CURRENT_PROJECT_VERSION = 1;
				GENERATE_INFOPLIST_FILE = YES;
				IPHONEOS_DEPLOYMENT_TARGET = 18.5;
				MARKETING_VERSION = 1.0;
				PRODUCT_BUNDLE_IDENTIFIER = com.MacKenzie.PartnerLab2Tests;
				PRODUCT_NAME = "$(TARGET_NAME)";
				SWIFT_EMIT_LOC_STRINGS = NO;
				SWIFT_VERSION = 5.0;
				TARGETED_DEVICE_FAMILY = "1,2";
				TEST_HOST = "$(BUILT_PRODUCTS_DIR)/PartnerLab2.app/$(BUNDLE_EXECUTABLE_FOLDER_PATH)/PartnerLab2";
			};
			name = Release;
		};
		D4E8CC572E9F5BF400A24AC1 /* Debug */ = {
			isa = XCBuildConfiguration;
			buildSettings = {
				CODE_SIGN_STYLE = Automatic;
				CURRENT_PROJECT_VERSION = 1;
				GENERATE_INFOPLIST_FILE = YES;
				MARKETING_VERSION = 1.0;
				PRODUCT_BUNDLE_IDENTIFIER = com.MacKenzie.PartnerLab2UITests;
				PRODUCT_NAME = "$(TARGET_NAME)";
				SWIFT_EMIT_LOC_STRINGS = NO;
				SWIFT_VERSION = 5.0;
				TARGETED_DEVICE_FAMILY = "1,2";
				TEST_TARGET_NAME = PartnerLab2;
			};
			name = Debug;
		};
		D4E8CC582E9F5BF400A24AC1 /* Release */ = {
			isa = XCBuildConfiguration;
			buildSettings = {
				CODE_SIGN_STYLE = Automatic;
				CURRENT_PROJECT_VERSION = 1;
				GENERATE_INFOPLIST_FILE = YES;
				MARKETING_VERSION = 1.0;
				PRODUCT_BUNDLE_IDENTIFIER = com.MacKenzie.PartnerLab2UITests;
				PRODUCT_NAME = "$(TARGET_NAME)";
				SWIFT_EMIT_LOC_STRINGS = NO;
				SWIFT_VERSION = 5.0;
				TARGETED_DEVICE_FAMILY = "1,2";
				TEST_TARGET_NAME = PartnerLab2;
			};
			name = Release;
		};
/* End XCBuildConfiguration section */

/* Begin XCConfigurationList section */
		D4E8CC2A2E9F5BF300A24AC1 /* Build configuration list for PBXProject "PartnerLab2" */ = {
			isa = XCConfigurationList;
			buildConfigurations = (
				D4E8CC4E2E9F5BF400A24AC1 /* Debug */,
				D4E8CC4F2E9F5BF400A24AC1 /* Release */,
			);
			defaultConfigurationIsVisible = 0;
			defaultConfigurationName = Release;
		};
		D4E8CC502E9F5BF400A24AC1 /* Build configuration list for PBXNativeTarget "PartnerLab2" */ = {
			isa = XCConfigurationList;
			buildConfigurations = (
				D4E8CC512E9F5BF400A24AC1 /* Debug */,
				D4E8CC522E9F5BF400A24AC1 /* Release */,
			);
			defaultConfigurationIsVisible = 0;
			defaultConfigurationName = Release;
		};
		D4E8CC532E9F5BF400A24AC1 /* Build configuration list for PBXNativeTarget "PartnerLab2Tests" */ = {
			isa = XCConfigurationList;
			buildConfigurations = (
				D4E8CC542E9F5BF400A24AC1 /* Debug */,
				D4E8CC552E9F5BF400A24AC1 /* Release */,
			);
			defaultConfigurationIsVisible = 0;
			defaultConfigurationName = Release;
		};
		D4E8CC562E9F5BF400A24AC1 /* Build configuration list for PBXNativeTarget "PartnerLab2UITests" */ = {
			isa = XCConfigurationList;
			buildConfigurations = (
				D4E8CC572E9F5BF400A24AC1 /* Debug */,
				D4E8CC582E9F5BF400A24AC1 /* Release */,
			);
			defaultConfigurationIsVisible = 0;
			defaultConfigurationName = Release;
		};
/* End XCConfigurationList section */
	};
	rootObject = D4E8CC272E9F5BF300A24AC1 /* Project object */;
}
